hash: 8b0f2b86ba7e0684ff5b201f01a3c91ad8f1a4b33a195456647e575156d54935
updated: 2017-01-24T11:59:18.964351324+01:00
imports:
- name: github.com/gvalkov/golang-evdev
  version: 87c03aa1a370124ec5a5fac733a629e0f9acd9a6
- name: github.com/luismesas/goPi
  version: abc9b85cfb5fdde8a715ca5d205e044e8b8fe52c
  subpackages:
  - MCP23S17
  - ioctl
  - piface
  - spi
- name: github.com/mattn/go-gtk
  version: b9d8404b3c34d831190bdebca435e32c1fdd7a68
  subpackages:
  - gdk
  - gdkpixbuf
  - glib
  - gtk
  - pango
- name: github.com/mattn/go-pointer
  version: 46aacf851f34ad5bb503ee6d162915f3a5a5962c
- name: github.com/mholt/binding
  version: da15bc6a25d54500d6d19bf8bcdea7efde27bf0c
- name: github.com/pressly/chi
  version: 54f435d539226571eab1987ed862b1c0fdfdc892
  subpackages:
  - render
- name: github.com/tarm/serial
  version: 37be519d49878d0098e34fb614136b81e6c87861
testImports: []
